{
  "version": 4,
  "terraform_version": "0.12.31",
  "serial": 3,
  "lineage": "f00d2780-9e99-da71-7e4c-56315e3d44ef",
  "outputs": {},
  "resources": [
    {
      "mode": "managed",
      "type": "aws_vpc",
      "name": "myvpc",
      "provider": "provider.aws",
      "instances": [
        {
          "schema_version": 1,
          "attributes": {
            "arn": "arn:aws:ec2:us-east-2::vpc/vpc-36cb5762",
            "assign_generated_ipv6_cidr_block": true,
            "cidr_block": "10.0.0.0/16",
            "default_network_acl_id": "acl-f70549b7",
            "default_route_table_id": "rtb-535f2ce3",
            "default_security_group_id": "sg-f492d389",
            "dhcp_options_id": "dopt-7a8b9c2d",
            "enable_classiclink": false,
            "enable_classiclink_dns_support": false,
            "enable_dns_hostnames": false,
            "enable_dns_support": true,
            "id": "vpc-36cb5762",
            "instance_tenancy": "default",
            "ipv6_association_id": "vpc-cidr-assoc-513aced3",
            "ipv6_cidr_block": "2400:6500:8c53:2074::/56",
            "main_route_table_id": "rtb-535f2ce3",
            "owner_id": "",
            "tags": null,
            "tags_all": {}
          },
          "private": "eyJzY2hlbWFfdmVyc2lvbiI6IjEifQ=="
        }
      ]
    }
  ]
}
