{
  "version": 4,
  "terraform_version": "1.0.5",
  "serial": 22,
  "lineage": "ff475a00-5805-0c2e-17c9-12624ce30a9a",
  "outputs": {},
  "resources": [
    {
      "module": "module.github",
      "mode": "data",
      "type": "github_repositories",
      "name": "repos",
      "provider": "provider[\"registry.terraform.io/integrations/github\"]",
      "instances": [
        {
          "schema_version": 0,
          "attributes": {
            "full_names": [
              "vbendig/testName",
              "vbendig/aws-base",
              "vbendig/learning"
            ],
            "id": "org:vbendig",
            "names": [
              "testName",
              "aws-base",
              "learning"
            ],
            "query": "org:vbendig",
            "sort": "updated"
          },
          "sensitive_attributes": []
        }
      ]
    },
    {
      "module": "module.github",
      "mode": "managed",
      "type": "github_branch_protection",
      "name": "default",
      "provider": "provider[\"registry.terraform.io/integrations/github\"]",
      "instances": [
        {
          "schema_version": 1,
          "attributes": {
            "allows_deletions": true,
            "allows_force_pushes": false,
            "enforce_admins": true,
            "id": "BPR_kwDOGgjGt84BY7u5",
            "pattern": "main",
            "push_restrictions": null,
            "repository_id": "testName",
            "require_signed_commits": false,
            "required_linear_history": false,
            "required_pull_request_reviews": [
              {
                "dismiss_stale_reviews": true,
                "dismissal_restrictions": [
                  "T_kwDOBbVxo84AU1sl"
                ],
                "require_code_owner_reviews": true,
                "required_approving_review_count": 2,
                "restrict_dismissals": true
              }
            ],
            "required_status_checks": [
              {
                "contexts": [
                  "buildkite/testName"
                ],
                "strict": true
              }
            ]
          },
          "sensitive_attributes": [],
          "private": "eyJzY2hlbWFfdmVyc2lvbiI6IjEifQ==",
          "dependencies": [
            "module.github.github_repository.default",
            "module.github.github_team.developers"
          ]
        }
      ]
    },
    {
      "module": "module.github",
      "mode": "managed",
      "type": "github_repository",
      "name": "default",
      "provider": "provider[\"registry.terraform.io/integrations/github\"]",
      "instances": [
        {
          "schema_version": 0,
          "attributes": {
            "allow_auto_merge": false,
            "allow_merge_commit": true,
            "allow_rebase_merge": true,
            "allow_squash_merge": true,
            "archive_on_destroy": null,
            "archived": false,
            "auto_init": true,
            "default_branch": "main",
            "delete_branch_on_merge": false,
            "description": "Vic testing github configuration via terraform",
            "etag": "W/\"2ccbcff2de05c136d30a9cf560199c129f511dfe1a1528cacd20c4a85446a11b\"",
            "full_name": "ibsacr/testName",
            "git_clone_url": "git://github.com/ibsacr/testName.git",
            "gitignore_template": null,
            "has_downloads": false,
            "has_issues": false,
            "has_projects": false,
            "has_wiki": false,
            "homepage_url": "",
            "html_url": "https://github.com/ibsacr/testName",
            "http_clone_url": "https://github.com/ibsacr/testName.git",
            "id": "testName",
            "is_template": false,
            "license_template": null,
            "name": "testName",
            "node_id": "R_kgDOGgjGtw",
            "pages": [],
            "private": false,
            "repo_id": 436782775,
            "ssh_clone_url": "git@github.com:ibsacr/testName.git",
            "svn_url": "https://github.com/ibsacr/testName",
            "template": [],
            "topics": null,
            "visibility": "public",
            "vulnerability_alerts": true
          },
          "sensitive_attributes": [],
          "private": "bnVsbA=="
        }
      ]
    },
    {
      "module": "module.github",
      "mode": "managed",
      "type": "github_team",
      "name": "developers",
      "provider": "provider[\"registry.terraform.io/integrations/github\"]",
      "instances": [
        {
          "schema_version": 0,
          "attributes": {
            "create_default_maintainer": false,
            "description": "Some cool team",
            "etag": "W/\"3fad5b85985cb7722fbbc010ecbe3b28cd23934c21c16b3afc9d754244d532d8\"",
            "id": "5462821",
            "ldap_dn": "",
            "members_count": 0,
            "name": "developers",
            "node_id": "T_kwDOBbVxo84AU1sl",
            "parent_team_id": null,
            "privacy": "closed",
            "slug": "developers"
          },
          "sensitive_attributes": [],
          "private": "bnVsbA=="
        }
      ]
    },
    {
      "module": "module.github",
      "mode": "managed",
      "type": "github_team_repository",
      "name": "maintainers",
      "provider": "provider[\"registry.terraform.io/integrations/github\"]",
      "instances": [
        {
          "schema_version": 0,
          "attributes": {
            "etag": "W/\"4635c289fe75c0f65dc57d0939addffe497f5e1b5205cd32266fffed989182af\"",
            "id": "5462821:testName",
            "permission": "maintain",
            "repository": "testName",
            "team_id": "5462821"
          },
          "sensitive_attributes": [],
          "private": "bnVsbA==",
          "dependencies": [
            "module.github.github_repository.default",
            "module.github.github_team.developers"
          ]
        }
      ]
    }
  ]
}
