{
  "version": 4,
  "terraform_version": "1.0.5",
  "serial": 19,
  "lineage": "ff475a00-5805-0c2e-17c9-12624ce30a9a",
  "outputs": {},
  "resources": [
    {
      "module": "module.github",
      "mode": "data",
      "type": "github_repositories",
      "name": "repos",
      "provider": "provider[\"registry.terraform.io/integrations/github\"]",
      "instances": [
        {
          "schema_version": 0,
          "attributes": {
            "full_names": [
              "vbendig/testName",
              "vbendig/aws-base",
              "vbendig/learning"
            ],
            "id": "org:vbendig",
            "names": [
              "testName",
              "aws-base",
              "learning"
            ],
            "query": "org:vbendig",
            "sort": "updated"
          },
          "sensitive_attributes": []
        }
      ]
    },
    {
      "module": "module.github",
      "mode": "managed",
      "type": "github_repository",
      "name": "default",
      "provider": "provider[\"registry.terraform.io/integrations/github\"]",
      "instances": [
        {
          "schema_version": 0,
          "attributes": {
            "allow_auto_merge": false,
            "allow_merge_commit": true,
            "allow_rebase_merge": true,
            "allow_squash_merge": true,
            "archive_on_destroy": null,
            "archived": false,
            "auto_init": true,
            "default_branch": "main",
            "delete_branch_on_merge": false,
            "description": "Vic testing github configuration via terraform",
            "etag": "W/\"9f54a0bbb109abe3d48e9fa6042f0bc6715621e11afa02eecb3813536f2d8692\"",
            "full_name": "ibsacr/testName",
            "git_clone_url": "git://github.com/ibsacr/testName.git",
            "gitignore_template": null,
            "has_downloads": false,
            "has_issues": false,
            "has_projects": false,
            "has_wiki": false,
            "homepage_url": "",
            "html_url": "https://github.com/ibsacr/testName",
            "http_clone_url": "https://github.com/ibsacr/testName.git",
            "id": "testName",
            "is_template": false,
            "license_template": null,
            "name": "testName",
            "node_id": "R_kgDOGgjGtw",
            "pages": [],
            "private": true,
            "repo_id": 436782775,
            "ssh_clone_url": "git@github.com:ibsacr/testName.git",
            "svn_url": "https://github.com/ibsacr/testName",
            "template": [],
            "topics": null,
            "visibility": "private",
            "vulnerability_alerts": false
          },
          "sensitive_attributes": [],
          "private": "bnVsbA=="
        }
      ]
    },
    {
      "module": "module.github",
      "mode": "managed",
      "type": "github_team",
      "name": "developers",
      "provider": "provider[\"registry.terraform.io/integrations/github\"]",
      "instances": [
        {
          "schema_version": 0,
          "attributes": {
            "create_default_maintainer": false,
            "description": "Some cool team",
            "etag": "W/\"a731b02b6419dcedff7ff2cb21211b782768f517b09be6978ad23525f57d9e78\"",
            "id": "5462821",
            "ldap_dn": "",
            "members_count": 0,
            "name": "developers",
            "node_id": "T_kwDOBbVxo84AU1sl",
            "parent_team_id": null,
            "privacy": "closed",
            "slug": "developers"
          },
          "sensitive_attributes": [],
          "private": "bnVsbA=="
        }
      ]
    },
    {
      "module": "module.github",
      "mode": "managed",
      "type": "github_team_repository",
      "name": "maintainers",
      "provider": "provider[\"registry.terraform.io/integrations/github\"]",
      "instances": [
        {
          "schema_version": 0,
          "attributes": {
            "etag": "W/\"4635c289fe75c0f65dc57d0939addffe497f5e1b5205cd32266fffed989182af\"",
            "id": "5462821:testName",
            "permission": "maintain",
            "repository": "testName",
            "team_id": "5462821"
          },
          "sensitive_attributes": [],
          "private": "bnVsbA==",
          "dependencies": [
            "module.github.github_repository.default",
            "module.github.github_team.developers"
          ]
        }
      ]
    }
  ]
}
